
Microsoft Visual Studio Solution File, Format Version 12.00
# Visual Studio Version 16
VisualStudioVersion = 16.0.30907.101
MinimumVisualStudioVersion = 10.0.40219.1
Project("{9A19103F-16F7-4668-BE54-9A1E7A4F7556}") = "BlazorApp", "BlazorApp.csproj", "{B89AE626-B343-460F-9F45-4BBA2AEBD1E2}"
EndProject
Global
	GlobalSection(SolutionConfigurationPlatforms) = preSolution
		Debug|Any CPU = Debug|Any CPU
		Release|Any CPU = Release|Any CPU
	EndGlobalSection
	GlobalSection(ProjectConfigurationPlatforms) = postSolution
		{B89AE626-B343-460F-9F45-4BBA2AEBD1E2}.Debug|Any CPU.ActiveCfg = Debug|Any CPU
		{B89AE626-B343-460F-9F45-4BBA2AEBD1E2}.Debug|Any CPU.Build.0 = Debug|Any CPU
		{B89AE626-B343-460F-9F45-4BBA2AEBD1E2}.Release|Any CPU.ActiveCfg = Release|Any CPU
		{B89AE626-B343-460F-9F45-4BBA2AEBD1E2}.Release|Any CPU.Build.0 = Release|Any CPU
	EndGlobalSection
	GlobalSection(SolutionProperties) = preSolution
		HideSolutionNode = FALSE
	EndGlobalSection
	GlobalSection(ExtensibilityGlobals) = postSolution
		SolutionGuid = {14F67941-7DC8-4786-8652-99E94FDA1419}
	EndGlobalSection
EndGlobal
